// !$*UTF8*$!
{
	archiveVersion = 1;
	classes = {
	};
	objectVersion = 46;
	objects = {

/* Begin PBXBuildFile section */
		3F01779F1F59236200D7CD83 /* brn.jpg in Resources */ = {isa = PBXBuildFile; fileRef = 3F01779E1F59236200D7CD83 /* brn.jpg */; };
		3F0177A11F5924B500D7CD83 /* logo-big.png in Resources */ = {isa = PBXBuildFile; fileRef = 3F0177A01F5924B500D7CD83 /* logo-big.png */; };
		3F4A65DC1F568A1500D38F3F /* main.m in Sources */ = {isa = PBXBuildFile; fileRef = 3F4A65DB1F568A1500D38F3F /* main.m */; };
		3F4A65DF1F568A1500D38F3F /* AppDelegate.m in Sources */ = {isa = PBXBuildFile; fileRef = 3F4A65DE1F568A1500D38F3F /* AppDelegate.m */; };
		3F4A65E21F568A1600D38F3F /* ViewController.m in Sources */ = {isa = PBXBuildFile; fileRef = 3F4A65E11F568A1600D38F3F /* ViewController.m */; };
		3F4A65E51F568A1600D38F3F /* Main.storyboard in Resources */ = {isa = PBXBuildFile; fileRef = 3F4A65E31F568A1600D38F3F /* Main.storyboard */; };
		3F4A65E71F568A1600D38F3F /* Assets.xcassets in Resources */ = {isa = PBXBuildFile; fileRef = 3F4A65E61F568A1600D38F3F /* Assets.xcassets */; };
		3F4A65EA1F568A1600D38F3F /* LaunchScreen.storyboard in Resources */ = {isa = PBXBuildFile; fileRef = 3F4A65E81F568A1600D38F3F /* LaunchScreen.storyboard */; };
/* End PBXBuildFile section */

/* Begin PBXFileReference section */
		3F01779E1F59236200D7CD83 /* brn.jpg */ = {isa = PBXFileReference; lastKnownFileType = image.jpeg; path = brn.jpg; sourceTree = "<group>"; };
		3F0177A01F5924B500D7CD83 /* logo-big.png */ = {isa = PBXFileReference; lastKnownFileType = image.png; path = "logo-big.png"; sourceTree = "<group>"; };
		3F4A65D71F568A1500D38F3F /* layoutsauto.app */ = {isa = PBXFileReference; explicitFileType = wrapper.application; includeInIndex = 0; path = layoutsauto.app; sourceTree = BUILT_PRODUCTS_DIR; };
		3F4A65DB1F568A1500D38F3F /* main.m */ = {isa = PBXFileReference; lastKnownFileType = sourcecode.c.objc; path = main.m; sourceTree = "<group>"; };
		3F4A65DD1F568A1500D38F3F /* AppDelegate.h */ = {isa = PBXFileReference; lastKnownFileType = sourcecode.c.h; path = AppDelegate.h; sourceTree = "<group>"; };
		3F4A65DE1F568A1500D38F3F /* AppDelegate.m */ = {isa = PBXFileReference; lastKnownFileType = sourcecode.c.objc; path = AppDelegate.m; sourceTree = "<group>"; };
		3F4A65E01F568A1500D38F3F /* ViewController.h */ = {isa = PBXFileReference; lastKnownFileType = sourcecode.c.h; path = ViewController.h; sourceTree = "<group>"; };
		3F4A65E11F568A1600D38F3F /* ViewController.m */ = {isa = PBXFileReference; lastKnownFileType = sourcecode.c.objc; path = ViewController.m; sourceTree = "<group>"; };
		3F4A65E41F568A1600D38F3F /* Base */ = {isa = PBXFileReference; lastKnownFileType = file.storyboard; name = Base; path = Base.lproj/Main.storyboard; sourceTree = "<group>"; };
		3F4A65E61F568A1600D38F3F /* Assets.xcassets */ = {isa = PBXFileReference; lastKnownFileType = folder.assetcatalog; path = Assets.xcassets; sourceTree = "<group>"; };
		3F4A65E91F568A1600D38F3F /* Base */ = {isa = PBXFileReference; lastKnownFileType = file.storyboard; name = Base; path = Base.lproj/LaunchScreen.storyboard; sourceTree = "<group>"; };
		3F4A65EB1F568A1600D38F3F /* Info.plist */ = {isa = PBXFileReference; lastKnownFileType = text.plist.xml; path = Info.plist; sourceTree = "<group>"; };
/* End PBXFileReference section */

/* Begin PBXFrameworksBuildPhase section */
		3F4A65D41F568A1500D38F3F /* Frameworks */ = {
			isa = PBXFrameworksBuildPhase;
			buildActionMask = 2147483647;
			files = (
			);
			runOnlyForDeploymentPostprocessing = 0;
		};
/* End PBXFrameworksBuildPhase section */

/* Begin PBXGroup section */
		3F4A65CE1F568A1500D38F3F = {
			isa = PBXGroup;
			children = (
				3F4A65D91F568A1500D38F3F /* layoutsauto */,
				3F4A65D81F568A1500D38F3F /* Products */,
			);
			sourceTree = "<group>";
		};
		3F4A65D81F568A1500D38F3F /* Products */ = {
			isa = PBXGroup;
			children = (
				3F4A65D71F568A1500D38F3F /* layoutsauto.app */,
			);
			name = Products;
			sourceTree = "<group>";
		};
		3F4A65D91F568A1500D38F3F /* layoutsauto */ = {
			isa = PBXGroup;
			children = (
				3F4A65DD1F568A1500D38F3F /* AppDelegate.h */,
				3F4A65DE1F568A1500D38F3F /* AppDelegate.m */,
				3F4A65E01F568A1500D38F3F /* ViewController.h */,
				3F4A65E11F568A1600D38F3F /* ViewController.m */,
				3F0177A01F5924B500D7CD83 /* logo-big.png */,
				3F01779E1F59236200D7CD83 /* brn.jpg */,
				3F4A65E31F568A1600D38F3F /* Main.storyboard */,
				3F4A65E61F568A1600D38F3F /* Assets.xcassets */,
				3F4A65E81F568A1600D38F3F /* LaunchScreen.storyboard */,
				3F4A65EB1F568A1600D38F3F /* Info.plist */,
				3F4A65DA1F568A1500D38F3F /* Supporting Files */,
			);
			path = layoutsauto;
			sourceTree = "<group>";
		};
		3F4A65DA1F568A1500D38F3F /* Supporting Files */ = {
			isa = PBXGroup;
			children = (
				3F4A65DB1F568A1500D38F3F /* main.m */,
			);
			name = "Supporting Files";
			sourceTree = "<group>";
		};
/* End PBXGroup section */

/* Begin PBXNativeTarget section */
		3F4A65D61F568A1500D38F3F /* layoutsauto */ = {
			isa = PBXNativeTarget;
			buildConfigurationList = 3F4A65EE1F568A1600D38F3F /* Build configuration list for PBXNativeTarget "layoutsauto" */;
			buildPhases = (
				3F4A65D31F568A1500D38F3F /* Sources */,
				3F4A65D41F568A1500D38F3F /* Frameworks */,
				3F4A65D51F568A1500D38F3F /* Resources */,
			);
			buildRules = (
			);
			dependencies = (
			);
			name = layoutsauto;
			productName = layoutsauto;
			productReference = 3F4A65D71F568A1500D38F3F /* layoutsauto.app */;
			productType = "com.apple.product-type.application";
		};
/* End PBXNativeTarget section */

/* Begin PBXProject section */
		3F4A65CF1F568A1500D38F3F /* Project object */ = {
			isa = PBXProject;
			attributes = {
				LastUpgradeCheck = 0830;
				ORGANIZATIONNAME = Panoptic;
				TargetAttributes = {
					3F4A65D61F568A1500D38F3F = {
						CreatedOnToolsVersion = 8.3.2;
						ProvisioningStyle = Automatic;
					};
				};
			};
			buildConfigurationList = 3F4A65D21F568A1500D38F3F /* Build configuration list for PBXProject "layoutsauto" */;
			compatibilityVersion = "Xcode 3.2";
			developmentRegion = English;
			hasScannedForEncodings = 0;
			knownRegions = (
				en,
				Base,
			);
			mainGroup = 3F4A65CE1F568A1500D38F3F;
			productRefGroup = 3F4A65D81F568A1500D38F3F /* Products */;
			projectDirPath = "";
			projectRoot = "";
			targets = (
				3F4A65D61F568A1500D38F3F /* layoutsauto */,
			);
		};
/* End PBXProject section */

/* Begin PBXResourcesBuildPhase section */
		3F4A65D51F568A1500D38F3F /* Resources */ = {
			isa = PBXResourcesBuildPhase;
			buildActionMask = 2147483647;
			files = (
				3F01779F1F59236200D7CD83 /* brn.jpg in Resources */,
				3F0177A11F5924B500D7CD83 /* logo-big.png in Resources */,
				3F4A65EA1F568A1600D38F3F /* LaunchScreen.storyboard in Resources */,
				3F4A65E71F568A1600D38F3F /* Assets.xcassets in Resources */,
				3F4A65E51F568A1600D38F3F /* Main.storyboard in Resources */,
			);
			runOnlyForDeploymentPostprocessing = 0;
		};
/* End PBXResourcesBuildPhase section */

/* Begin PBXSourcesBuildPhase section */
		3F4A65D31F568A1500D38F3F /* Sources */ = {
			isa = PBXSourcesBuildPhase;
			buildActionMask = 2147483647;
			files = (
				3F4A65E21F568A1600D38F3F /* ViewController.m in Sources */,
				3F4A65DF1F568A1500D38F3F /* AppDelegate.m in Sources */,
				3F4A65DC1F568A1500D38F3F /* main.m in Sources */,
			);
			runOnlyForDeploymentPostprocessing = 0;
		};
/* End PBXSourcesBuildPhase section */

/* Begin PBXVariantGroup section */
		3F4A65E31F568A1600D38F3F /* Main.storyboard */ = {
			isa = PBXVariantGroup;
			children = (
				3F4A65E41F568A1600D38F3F /* Base */,
			);
			name = Main.storyboard;
			sourceTree = "<group>";
		};
		3F4A65E81F568A1600D38F3F /* LaunchScreen.storyboard */ = {
			isa = PBXVariantGroup;
			children = (
				3F4A65E91F568A1600D38F3F /* Base */,
			);
			name = LaunchScreen.storyboard;
			sourceTree = "<group>";
		};
/* End PBXVariantGroup section */

/* Begin XCBuildConfiguration section */
		3F4A65EC1F568A1600D38F3F /* Debug */ = {
			isa = XCBuildConfiguration;
			buildSettings = {
				ALWAYS_SEARCH_USER_PATHS = NO;
				CLANG_ANALYZER_NONNULL = YES;
				CLANG_ANALYZER_NUMBER_OBJECT_CONVERSION = YES_AGGRESSIVE;
				CLANG_CXX_LANGUAGE_STANDARD = "gnu++0x";
				CLANG_CXX_LIBRARY = "libc++";
				CLANG_ENABLE_MODULES = YES;
				CLANG_ENABLE_OBJC_ARC = YES;
				CLANG_WARN_BOOL_CONVERSION = YES;
				CLANG_WARN_CONSTANT_CONVERSION = YES;
				CLANG_WARN_DIRECT_OBJC_ISA_USAGE = YES_ERROR;
				CLANG_WARN_DOCUMENTATION_COMMENTS = YES;
				CLANG_WARN_EMPTY_BODY = YES;
				CLANG_WARN_ENUM_CONVERSION = YES;
				CLANG_WARN_INFINITE_RECURSION = YES;
				CLANG_WARN_INT_CONVERSION = YES;
				CLANG_WARN_OBJC_ROOT_CLASS = YES_ERROR;
				CLANG_WARN_SUSPICIOUS_MOVE = YES;
				CLANG_WARN_UNREACHABLE_CODE = YES;
				CLANG_WARN__DUPLICATE_METHOD_MATCH = YES;
				"CODE_SIGN_IDENTITY[sdk=iphoneos*]" = "iPhone Developer";
				COPY_PHASE_STRIP = NO;
				DEBUG_INFORMATION_FORMAT = dwarf;
				ENABLE_STRICT_OBJC_MSGSEND = YES;
				ENABLE_TESTABILITY = YES;
				GCC_C_LANGUAGE_STANDARD = gnu99;
				GCC_DYNAMIC_NO_PIC = NO;
				GCC_NO_COMMON_BLOCKS = YES;
				GCC_OPTIMIZATION_LEVEL = 0;
				GCC_PREPROCESSOR_DEFINITIONS = (
					"DEBUG=1",
					"$(inherited)",
				);
				GCC_WARN_64_TO_32_BIT_CONVERSION = YES;
				GCC_WARN_ABOUT_RETURN_TYPE = YES_ERROR;
				GCC_WARN_UNDECLARED_SELECTOR = YES;
				GCC_WARN_UNINITIALIZED_AUTOS = YES_AGGRESSIVE;
				GCC_WARN_UNUSED_FUNCTION = YES;
				GCC_WARN_UNUSED_VARIABLE = YES;
				IPHONEOS_DEPLOYMENT_TARGET = 10.3;
				MTL_ENABLE_DEBUG_INFO = YES;
				ONLY_ACTIVE_ARCH = YES;
				SDKROOT = iphoneos;
				TARGETED_DEVICE_FAMILY = "1,2";
			};
			name = Debug;
		};
		3F4A65ED1F568A1600D38F3F /* Release */ = {
			isa = XCBuildConfiguration;
			buildSettings = {
				ALWAYS_SEARCH_USER_PATHS = NO;
				CLANG_ANALYZER_NONNULL = YES;
				CLANG_ANALYZER_NUMBER_OBJECT_CONVERSION = YES_AGGRESSIVE;
				CLANG_CXX_LANGUAGE_STANDARD = "gnu++0x";
				CLANG_CXX_LIBRARY = "libc++";
				CLANG_ENABLE_MODULES = YES;
				CLANG_ENABLE_OBJC_ARC = YES;
				CLANG_WARN_BOOL_CONVERSION = YES;
				CLANG_WARN_CONSTANT_CONVERSION = YES;
				CLANG_WARN_DIRECT_OBJC_ISA_USAGE = YES_ERROR;
				CLANG_WARN_DOCUMENTATION_COMMENTS = YES;
				CLANG_WARN_EMPTY_BODY = YES;
				CLANG_WARN_ENUM_CONVERSION = YES;
				CLANG_WARN_INFINITE_RECURSION = YES;
				CLANG_WARN_INT_CONVERSION = YES;
				CLANG_WARN_OBJC_ROOT_CLASS = YES_ERROR;
				CLANG_WARN_SUSPICIOUS_MOVE = YES;
				CLANG_WARN_UNREACHABLE_CODE = YES;
				CLANG_WARN__DUPLICATE_METHOD_MATCH = YES;
				"CODE_SIGN_IDENTITY[sdk=iphoneos*]" = "iPhone Developer";
				COPY_PHASE_STRIP = NO;
				DEBUG_INFORMATION_FORMAT = "dwarf-with-dsym";
				ENABLE_NS_ASSERTIONS = NO;
				ENABLE_STRICT_OBJC_MSGSEND = YES;
				GCC_C_LANGUAGE_STANDARD = gnu99;
				GCC_NO_COMMON_BLOCKS = YES;
				GCC_WARN_64_TO_32_BIT_CONVERSION = YES;
				GCC_WARN_ABOUT_RETURN_TYPE = YES_ERROR;
				GCC_WARN_UNDECLARED_SELECTOR = YES;
				GCC_WARN_UNINITIALIZED_AUTOS = YES_AGGRESSIVE;
				GCC_WARN_UNUSED_FUNCTION = YES;
				GCC_WARN_UNUSED_VARIABLE = YES;
				IPHONEOS_DEPLOYMENT_TARGET = 10.3;
				MTL_ENABLE_DEBUG_INFO = NO;
				SDKROOT = iphoneos;
				TARGETED_DEVICE_FAMILY = "1,2";
				VALIDATE_PRODUCT = YES;
			};
			name = Release;
		};
		3F4A65EF1F568A1600D38F3F /* Debug */ = {
			isa = XCBuildConfiguration;
			buildSettings = {
				ASSETCATALOG_COMPILER_APPICON_NAME = AppIcon;
				INFOPLIST_FILE = layoutsauto/Info.plist;
				LD_RUNPATH_SEARCH_PATHS = "$(inherited) @executable_path/Frameworks";
				PRODUCT_BUNDLE_IDENTIFIER = com.Panoptic.layoutsauto;
				PRODUCT_NAME = "$(TARGET_NAME)";
			};
			name = Debug;
		};
		3F4A65F01F568A1600D38F3F /* Release */ = {
			isa = XCBuildConfiguration;
			buildSettings = {
				ASSETCATALOG_COMPILER_APPICON_NAME = AppIcon;
				INFOPLIST_FILE = layoutsauto/Info.plist;
				LD_RUNPATH_SEARCH_PATHS = "$(inherited) @executable_path/Frameworks";
				PRODUCT_BUNDLE_IDENTIFIER = com.Panoptic.layoutsauto;
				PRODUCT_NAME = "$(TARGET_NAME)";
			};
			name = Release;
		};
/* End XCBuildConfiguration section */

/* Begin XCConfigurationList section */
		3F4A65D21F568A1500D38F3F /* Build configuration list for PBXProject "layoutsauto" */ = {
			isa = XCConfigurationList;
			buildConfigurations = (
				3F4A65EC1F568A1600D38F3F /* Debug */,
				3F4A65ED1F568A1600D38F3F /* Release */,
			);
			defaultConfigurationIsVisible = 0;
			defaultConfigurationName = Release;
		};
		3F4A65EE1F568A1600D38F3F /* Build configuration list for PBXNativeTarget "layoutsauto" */ = {
			isa = XCConfigurationList;
			buildConfigurations = (
				3F4A65EF1F568A1600D38F3F /* Debug */,
				3F4A65F01F568A1600D38F3F /* Release */,
			);
			defaultConfigurationIsVisible = 0;
			defaultConfigurationName = Release;
		};
/* End XCConfigurationList section */
	};
	rootObject = 3F4A65CF1F568A1500D38F3F /* Project object */;
}
